
Microsoft Visual Studio Solution File, Format Version 12.00
# Visual Studio Version 17
VisualStudioVersion = 17.9.34714.143
MinimumVisualStudioVersion = 10.0.40219.1
Project("{FAE04EC0-301F-11D3-BF4B-00C04F79EFBC}") = "Proyecto 1", "Proyecto 1\Proyecto 1.csproj", "{C5DC7033-6DAA-432F-86E3-E093D8DEFDFE}"
EndProject
Global
	GlobalSection(SolutionConfigurationPlatforms) = preSolution
		Debug|Any CPU = Debug|Any CPU
		Release|Any CPU = Release|Any CPU
	EndGlobalSection
	GlobalSection(ProjectConfigurationPlatforms) = postSolution
		{C5DC7033-6DAA-432F-86E3-E093D8DEFDFE}.Debug|Any CPU.ActiveCfg = Debug|Any CPU
		{C5DC7033-6DAA-432F-86E3-E093D8DEFDFE}.Debug|Any CPU.Build.0 = Debug|Any CPU
		{C5DC7033-6DAA-432F-86E3-E093D8DEFDFE}.Release|Any CPU.ActiveCfg = Release|Any CPU
		{C5DC7033-6DAA-432F-86E3-E093D8DEFDFE}.Release|Any CPU.Build.0 = Release|Any CPU
	EndGlobalSection
	GlobalSection(SolutionProperties) = preSolution
		HideSolutionNode = FALSE
	EndGlobalSection
	GlobalSection(ExtensibilityGlobals) = postSolution
		SolutionGuid = {2A38E779-2A30-4FC0-9CB1-054291FFF6BA}
	EndGlobalSection
EndGlobal
